
Microsoft Visual Studio Solution File, Format Version 12.00
# Visual Studio Version 17
VisualStudioVersion = 17.11.35327.3
MinimumVisualStudioVersion = 10.0.40219.1
Project("{FAE04EC0-301F-11D3-BF4B-00C04F79EFBC}") = "SimpleCalculator", "SimpleCalculator.csproj", "{CC8C02A4-DAB5-4AB6-8FFF-7B4B65233E74}"
EndProject
Global
	GlobalSection(SolutionConfigurationPlatforms) = preSolution
		Debug|Any CPU = Debug|Any CPU
		Release|Any CPU = Release|Any CPU
	EndGlobalSection
	GlobalSection(ProjectConfigurationPlatforms) = postSolution
		{CC8C02A4-DAB5-4AB6-8FFF-7B4B65233E74}.Debug|Any CPU.ActiveCfg = Debug|Any CPU
		{CC8C02A4-DAB5-4AB6-8FFF-7B4B65233E74}.Debug|Any CPU.Build.0 = Debug|Any CPU
		{CC8C02A4-DAB5-4AB6-8FFF-7B4B65233E74}.Release|Any CPU.ActiveCfg = Release|Any CPU
		{CC8C02A4-DAB5-4AB6-8FFF-7B4B65233E74}.Release|Any CPU.Build.0 = Release|Any CPU
	EndGlobalSection
	GlobalSection(SolutionProperties) = preSolution
		HideSolutionNode = FALSE
	EndGlobalSection
	GlobalSection(ExtensibilityGlobals) = postSolution
		SolutionGuid = {EDD5236B-E839-43C0-9FE9-ECDB0F38A58E}
	EndGlobalSection
EndGlobal
